
Microsoft Visual Studio Solution File, Format Version 12.00
# Visual Studio Version 16
VisualStudioVersion = 16.0.30611.23
MinimumVisualStudioVersion = 10.0.40219.1
Project("{2150E333-8FDC-42A3-9474-1A3956D46DE8}") = "Libraries", "Libraries", "{7F3D1024-0B37-4DBF-A80B-D70B76AC940B}"
EndProject
Project("{2150E333-8FDC-42A3-9474-1A3956D46DE8}") = "Presentation", "Presentation", "{35D1DD7B-FBDB-4CD7-976B-E0238D2B957D}"
EndProject
Project("{2150E333-8FDC-42A3-9474-1A3956D46DE8}") = "Modules", "Modules", "{FF0CF90B-6BD0-4529-BE4D-36AE8799BB5F}"
EndProject
Project("{9A19103F-16F7-4668-BE54-9A1E7A4F7556}") = "Portal.Domain", "Libraries\Portal.Domain\Portal.Domain.csproj", "{92BB6094-200F-4162-B650-D31EA67602B1}"
EndProject
Project("{9A19103F-16F7-4668-BE54-9A1E7A4F7556}") = "Portal.Infrastructure", "Libraries\Portal.Infrastructure\Portal.Infrastructure.csproj", "{5009864F-7D1F-41F1-9833-0956623ACBA9}"
EndProject
Project("{FAE04EC0-301F-11D3-BF4B-00C04F79EFBC}") = "Portal.Application", "Libraries\Portal.Application\Portal.Application.csproj", "{920B6050-FD9B-4F49-A0E2-0EDF562E9A33}"
EndProject
Project("{FAE04EC0-301F-11D3-BF4B-00C04F79EFBC}") = "Portal.API", "Presentation\Portal.API\Portal.API.csproj", "{46AD77DC-6DEC-4F9A-9F45-7B084151B790}"
EndProject
Global
	GlobalSection(SolutionConfigurationPlatforms) = preSolution
		Debug|Any CPU = Debug|Any CPU
		Release|Any CPU = Release|Any CPU
	EndGlobalSection
	GlobalSection(ProjectConfigurationPlatforms) = postSolution
		{92BB6094-200F-4162-B650-D31EA67602B1}.Debug|Any CPU.ActiveCfg = Debug|Any CPU
		{92BB6094-200F-4162-B650-D31EA67602B1}.Debug|Any CPU.Build.0 = Debug|Any CPU
		{92BB6094-200F-4162-B650-D31EA67602B1}.Release|Any CPU.ActiveCfg = Release|Any CPU
		{92BB6094-200F-4162-B650-D31EA67602B1}.Release|Any CPU.Build.0 = Release|Any CPU
		{5009864F-7D1F-41F1-9833-0956623ACBA9}.Debug|Any CPU.ActiveCfg = Debug|Any CPU
		{5009864F-7D1F-41F1-9833-0956623ACBA9}.Debug|Any CPU.Build.0 = Debug|Any CPU
		{5009864F-7D1F-41F1-9833-0956623ACBA9}.Release|Any CPU.ActiveCfg = Release|Any CPU
		{5009864F-7D1F-41F1-9833-0956623ACBA9}.Release|Any CPU.Build.0 = Release|Any CPU
		{920B6050-FD9B-4F49-A0E2-0EDF562E9A33}.Debug|Any CPU.ActiveCfg = Debug|Any CPU
		{920B6050-FD9B-4F49-A0E2-0EDF562E9A33}.Debug|Any CPU.Build.0 = Debug|Any CPU
		{920B6050-FD9B-4F49-A0E2-0EDF562E9A33}.Release|Any CPU.ActiveCfg = Release|Any CPU
		{920B6050-FD9B-4F49-A0E2-0EDF562E9A33}.Release|Any CPU.Build.0 = Release|Any CPU
		{46AD77DC-6DEC-4F9A-9F45-7B084151B790}.Debug|Any CPU.ActiveCfg = Debug|Any CPU
		{46AD77DC-6DEC-4F9A-9F45-7B084151B790}.Debug|Any CPU.Build.0 = Debug|Any CPU
		{46AD77DC-6DEC-4F9A-9F45-7B084151B790}.Release|Any CPU.ActiveCfg = Release|Any CPU
		{46AD77DC-6DEC-4F9A-9F45-7B084151B790}.Release|Any CPU.Build.0 = Release|Any CPU
	EndGlobalSection
	GlobalSection(SolutionProperties) = preSolution
		HideSolutionNode = FALSE
	EndGlobalSection
	GlobalSection(NestedProjects) = preSolution
		{92BB6094-200F-4162-B650-D31EA67602B1} = {7F3D1024-0B37-4DBF-A80B-D70B76AC940B}
		{5009864F-7D1F-41F1-9833-0956623ACBA9} = {7F3D1024-0B37-4DBF-A80B-D70B76AC940B}
		{920B6050-FD9B-4F49-A0E2-0EDF562E9A33} = {7F3D1024-0B37-4DBF-A80B-D70B76AC940B}
		{46AD77DC-6DEC-4F9A-9F45-7B084151B790} = {35D1DD7B-FBDB-4CD7-976B-E0238D2B957D}
	EndGlobalSection
	GlobalSection(ExtensibilityGlobals) = postSolution
		SolutionGuid = {F60880BE-2AEE-4C3B-8368-ED2EB1BAC5C0}
	EndGlobalSection
EndGlobal
